version: 6
environments:
  default:
    channels:
    - url: https://conda.anaconda.org/conda-forge/
    - url: https://conda.anaconda.org/bioconda/
    packages:
      linux-64:
      - conda: https://conda.anaconda.org/conda-forge/linux-64/_libgcc_mutex-0.1-conda_forge.tar.bz2
      - conda: https://conda.anaconda.org/conda-forge/linux-64/_openmp_mutex-4.5-2_gnu.tar.bz2
      - conda: https://conda.anaconda.org/conda-forge/linux-64/gsl-2.7-he838d99_0.tar.bz2
      - conda: https://conda.anaconda.org/bioconda/linux-64/hmmer-3.4-hb6cb901_4.tar.bz2
      - conda: https://conda.anaconda.org/conda-forge/linux-64/libblas-3.9.0-31_h59b9bed_openblas.conda
      - conda: https://conda.anaconda.org/conda-forge/linux-64/libcblas-3.9.0-31_he106b2a_openblas.conda
      - conda: https://conda.anaconda.org/conda-forge/linux-64/libgcc-14.2.0-h767d61c_2.conda
      - conda: https://conda.anaconda.org/conda-forge/linux-64/libgcc-ng-14.2.0-h69a702a_2.conda
      - conda: https://conda.anaconda.org/conda-forge/linux-64/libgfortran-14.2.0-h69a702a_2.conda
      - conda: https://conda.anaconda.org/conda-forge/linux-64/libgfortran-ng-14.2.0-h69a702a_2.conda
      - conda: https://conda.anaconda.org/conda-forge/linux-64/libgfortran5-14.2.0-hf1ad2bd_2.conda
      - conda: https://conda.anaconda.org/conda-forge/linux-64/libgomp-14.2.0-h767d61c_2.conda
      - conda: https://conda.anaconda.org/conda-forge/linux-64/libopenblas-0.3.29-pthreads_h94d23a6_0.conda
      - conda: https://conda.anaconda.org/conda-forge/linux-64/libstdcxx-14.2.0-h8f9b012_2.conda
      - conda: https://conda.anaconda.org/conda-forge/linux-64/libstdcxx-ng-14.2.0-h4852527_2.conda
      - conda: https://conda.anaconda.org/conda-forge/linux-64/libzlib-1.3.1-hb9d3cd8_2.conda
      - conda: https://conda.anaconda.org/conda-forge/linux-64/mpi-1.0-openmpi.tar.bz2
      - conda: https://conda.anaconda.org/conda-forge/linux-64/openmpi-4.1.6-hc5af2df_101.conda
      - conda: https://conda.anaconda.org/bioconda/linux-64/prodigal-2.6.3-h7b50bb2_10.tar.bz2
      - conda: https://conda.anaconda.org/conda-forge/linux-64/zlib-1.3.1-hb9d3cd8_2.conda
      linux-aarch64:
      - conda: https://conda.anaconda.org/conda-forge/linux-aarch64/_openmp_mutex-4.5-2_gnu.tar.bz2
      - conda: https://conda.anaconda.org/conda-forge/linux-aarch64/gsl-2.7-h294027d_0.tar.bz2
      - conda: https://conda.anaconda.org/bioconda/linux-aarch64/hmmer-3.4-hfe13ca0_4.tar.bz2
      - conda: https://conda.anaconda.org/conda-forge/linux-aarch64/libblas-3.9.0-31_h1a9f1db_openblas.conda
      - conda: https://conda.anaconda.org/conda-forge/linux-aarch64/libcblas-3.9.0-31_hab92f65_openblas.conda
      - conda: https://conda.anaconda.org/conda-forge/linux-aarch64/libgcc-14.2.0-he277a41_2.conda
      - conda: https://conda.anaconda.org/conda-forge/linux-aarch64/libgcc-ng-14.2.0-he9431aa_2.conda
      - conda: https://conda.anaconda.org/conda-forge/linux-aarch64/libgfortran-14.2.0-he9431aa_2.conda
      - conda: https://conda.anaconda.org/conda-forge/linux-aarch64/libgfortran-ng-14.2.0-he9431aa_2.conda
      - conda: https://conda.anaconda.org/conda-forge/linux-aarch64/libgfortran5-14.2.0-hb6113d0_2.conda
      - conda: https://conda.anaconda.org/conda-forge/linux-aarch64/libgomp-14.2.0-he277a41_2.conda
      - conda: https://conda.anaconda.org/conda-forge/linux-aarch64/libopenblas-0.3.29-pthreads_h9d3fd7e_0.conda
      - conda: https://conda.anaconda.org/conda-forge/linux-aarch64/libstdcxx-14.2.0-h3f4de04_2.conda
      - conda: https://conda.anaconda.org/conda-forge/linux-aarch64/libstdcxx-ng-14.2.0-hf1166c9_2.conda
      - conda: https://conda.anaconda.org/conda-forge/linux-aarch64/libzlib-1.3.1-h86ecc28_2.conda
      - conda: https://conda.anaconda.org/conda-forge/linux-aarch64/mpi-1.0-openmpi.tar.bz2
      - conda: https://conda.anaconda.org/conda-forge/linux-aarch64/openmpi-4.1.6-h1f4154d_101.conda
      - conda: https://conda.anaconda.org/bioconda/linux-aarch64/prodigal-2.6.3-h661a7b0_10.tar.bz2
      - conda: https://conda.anaconda.org/conda-forge/linux-aarch64/zlib-1.3.1-h86ecc28_2.conda
      osx-64:
      - conda: https://conda.anaconda.org/conda-forge/osx-64/gsl-2.7-h93259b0_0.tar.bz2
      - conda: https://conda.anaconda.org/bioconda/osx-64/hmmer-3.4-hc70aa7a_4.tar.bz2
      - conda: https://conda.anaconda.org/conda-forge/osx-64/libblas-3.9.0-31_h7f60823_openblas.conda
      - conda: https://conda.anaconda.org/conda-forge/osx-64/libcblas-3.9.0-31_hff6cab4_openblas.conda
      - conda: https://conda.anaconda.org/conda-forge/osx-64/libcxx-20.1.4-hf95d169_0.conda
      - conda: https://conda.anaconda.org/conda-forge/osx-64/libgfortran-14.2.0-hef36b68_105.conda
      - conda: https://conda.anaconda.org/conda-forge/osx-64/libgfortran5-14.2.0-h58528f3_105.conda
      - conda: https://conda.anaconda.org/conda-forge/osx-64/libopenblas-0.3.29-openmp_hbf64a52_0.conda
      - conda: https://conda.anaconda.org/conda-forge/osx-64/libzlib-1.3.1-hd23fc13_2.conda
      - conda: https://conda.anaconda.org/conda-forge/osx-64/llvm-openmp-20.1.4-ha54dae1_0.conda
      - conda: https://conda.anaconda.org/conda-forge/osx-64/mpi-1.0-openmpi.tar.bz2
      - conda: https://conda.anaconda.org/conda-forge/osx-64/openmpi-4.1.6-h7406208_101.conda
      - conda: https://conda.anaconda.org/bioconda/osx-64/prodigal-2.6.3-h18d8cf3_10.tar.bz2
      - conda: https://conda.anaconda.org/conda-forge/osx-64/zlib-1.3.1-hd23fc13_2.conda
packages:
- conda: https://conda.anaconda.org/conda-forge/linux-64/_libgcc_mutex-0.1-conda_forge.tar.bz2
  sha256: fe51de6107f9edc7aa4f786a70f4a883943bc9d39b3bb7307c04c41410990726
  md5: d7c89558ba9fa0495403155b64376d81
  license: None
  size: 2562
  timestamp: 1578324546067
- conda: https://conda.anaconda.org/conda-forge/linux-64/_openmp_mutex-4.5-2_gnu.tar.bz2
  build_number: 16
  sha256: fbe2c5e56a653bebb982eda4876a9178aedfc2b545f25d0ce9c4c0b508253d22
  md5: 73aaf86a425cc6e73fcf236a5a46396d
  depends:
  - _libgcc_mutex 0.1 conda_forge
  - libgomp >=7.5.0
  constrains:
  - openmp_impl 9999
  license: BSD-3-Clause
  license_family: BSD
  size: 23621
  timestamp: 1650670423406
- conda: https://conda.anaconda.org/conda-forge/linux-aarch64/_openmp_mutex-4.5-2_gnu.tar.bz2
  build_number: 16
  sha256: 3702bef2f0a4d38bd8288bbe54aace623602a1343c2cfbefd3fa188e015bebf0
  md5: 6168d71addc746e8f2b8d57dfd2edcea
  depends:
  - libgomp >=7.5.0
  constrains:
  - openmp_impl 9999
  license: BSD-3-Clause
  license_family: BSD
  size: 23712
  timestamp: 1650670790230
- conda: https://conda.anaconda.org/conda-forge/linux-64/gsl-2.7-he838d99_0.tar.bz2
  sha256: 132a918b676dd1f533d7c6f95e567abf7081a6ea3251c3280de35ef600e0da87
  md5: fec079ba39c9cca093bf4c00001825de
  depends:
  - libblas >=3.8.0,<4.0a0
  - libcblas >=3.8.0,<4.0a0
  - libgcc-ng >=9.3.0
  license: GPL-3.0-or-later
  license_family: GPL
  size: 3376423
  timestamp: 1626369596591
- conda: https://conda.anaconda.org/conda-forge/linux-aarch64/gsl-2.7-h294027d_0.tar.bz2
  sha256: be506a418cc648996bf3376a626826cbe0fa5d9de913598c4d3965a61ddc7a7b
  md5: 8b9533e21be7fa232ab64e85f184e0b3
  depends:
  - libblas >=3.8.0,<4.0a0
  - libcblas >=3.8.0,<4.0a0
  - libgcc-ng >=9.3.0
  license: GPL-3.0-or-later
  license_family: GPL
  size: 3890901
  timestamp: 1626369614424
- conda: https://conda.anaconda.org/conda-forge/osx-64/gsl-2.7-h93259b0_0.tar.bz2
  sha256: 8550d64004810fa0b5f552d1f21f9fe51483cd30d2d3200d7b0c5e324f7e6995
  md5: b4942b1ee2a52fd67f446074488d774d
  depends:
  - libblas >=3.8.0,<4.0a0
  - libcblas >=3.8.0,<4.0a0
  license: GPL-3.0-or-later
  license_family: GPL
  size: 3221488
  timestamp: 1626369980688
- conda: https://conda.anaconda.org/bioconda/linux-64/hmmer-3.4-hb6cb901_4.tar.bz2
  sha256: 604f55ee1f16a9f3c2d07f90eeb4331f5b9c1dca8ed1b70e0fea3bf81b140310
  md5: 689f962720e131fe4849e2909181120a
  depends:
  - gsl >=2.7,<2.8.0a0
  - libgcc >=13
  - openmpi >=4.1.6,<5.0a0
  license: BSD
  license_family: BSD
  size: 11913715
  timestamp: 1746006254153
- conda: https://conda.anaconda.org/bioconda/linux-aarch64/hmmer-3.4-hfe13ca0_4.tar.bz2
  sha256: c72271f925ee33f7473a4423da711ac9d3f1401f72e243f2e6c8890629b95c21
  md5: 6f0a04231ef9418215c516bd56ae6e68
  depends:
  - gsl >=2.7,<2.8.0a0
  - libgcc >=13
  - openmpi >=4.1.6,<5.0a0
  license: BSD
  license_family: BSD
  size: 17236963
  timestamp: 1746006192917
- conda: https://conda.anaconda.org/bioconda/osx-64/hmmer-3.4-hc70aa7a_4.tar.bz2
  sha256: 6e5953cb69f318b09dbd9279c4824c1ebcc5a749447dc2569e3299d302f9e1f2
  md5: 3dd504dd328023abe1373ce827581854
  depends:
  - gsl >=2.7,<2.8.0a0
  - openmpi >=4.1.6,<5.0a0
  license: BSD
  license_family: BSD
  size: 16843166
  timestamp: 1746006984682
- conda: https://conda.anaconda.org/conda-forge/linux-64/libblas-3.9.0-31_h59b9bed_openblas.conda
  build_number: 31
  sha256: 9839fc4ac0cbb0aa3b9eea520adfb57311838959222654804e58f6f2d1771db5
  md5: 728dbebd0f7a20337218beacffd37916
  depends:
  - libopenblas >=0.3.29,<0.3.30.0a0
  - libopenblas >=0.3.29,<1.0a0
  constrains:
  - liblapacke =3.9.0=31*_openblas
  - liblapack =3.9.0=31*_openblas
  - blas =2.131=openblas
  - mkl <2025
  - libcblas =3.9.0=31*_openblas
  license: BSD-3-Clause
  license_family: BSD
  size: 16859
  timestamp: 1740087969120
- conda: https://conda.anaconda.org/conda-forge/linux-aarch64/libblas-3.9.0-31_h1a9f1db_openblas.conda
  build_number: 31
  sha256: 67c9c81dd0444ecc712124034d9f74186ca82fd770b3df46b1a68564461c6a1a
  md5: 48bd5bf15ccf3e409840be9caafc0ad5
  depends:
  - libopenblas >=0.3.29,<0.3.30.0a0
  - libopenblas >=0.3.29,<1.0a0
  constrains:
  - liblapack =3.9.0=31*_openblas
  - blas =2.131=openblas
  - libcblas =3.9.0=31*_openblas
  - mkl <2025
  - liblapacke =3.9.0=31*_openblas
  license: BSD-3-Clause
  license_family: BSD
  size: 16915
  timestamp: 1740087911042
- conda: https://conda.anaconda.org/conda-forge/osx-64/libblas-3.9.0-31_h7f60823_openblas.conda
  build_number: 31
  sha256: 2192f9cfa72a1a6127eb1c57a9662eb1b44c6506f2b7517cf021f1262d2bf56d
  md5: a8c1c9f95d1c46d67028a6146c1ea77c
  depends:
  - libopenblas >=0.3.29,<0.3.30.0a0
  - libopenblas >=0.3.29,<1.0a0
  constrains:
  - libcblas =3.9.0=31*_openblas
  - liblapacke =3.9.0=31*_openblas
  - blas =2.131=openblas
  - mkl <2025
  - liblapack =3.9.0=31*_openblas
  license: BSD-3-Clause
  license_family: BSD
  size: 17105
  timestamp: 1740087945188
- conda: https://conda.anaconda.org/conda-forge/linux-64/libcblas-3.9.0-31_he106b2a_openblas.conda
  build_number: 31
  sha256: ede8545011f5b208b151fe3e883eb4e31d495ab925ab7b9ce394edca846e0c0d
  md5: abb32c727da370c481a1c206f5159ce9
  depends:
  - libblas 3.9.0 31_h59b9bed_openblas
  constrains:
  - liblapacke =3.9.0=31*_openblas
  - liblapack =3.9.0=31*_openblas
  - blas =2.131=openblas
  license: BSD-3-Clause
  license_family: BSD
  size: 16796
  timestamp: 1740087984429
- conda: https://conda.anaconda.org/conda-forge/linux-aarch64/libcblas-3.9.0-31_hab92f65_openblas.conda
  build_number: 31
  sha256: f0457a1d2982f0a28bfbadaa02621677c324e88f7c8198c24fb3e3214c468dba
  md5: 6b81dbae56a519f1ec2f25e0ee2f4334
  depends:
  - libblas 3.9.0 31_h1a9f1db_openblas
  constrains:
  - liblapack =3.9.0=31*_openblas
  - blas =2.131=openblas
  - liblapacke =3.9.0=31*_openblas
  license: BSD-3-Clause
  license_family: BSD
  size: 16824
  timestamp: 1740087917500
- conda: https://conda.anaconda.org/conda-forge/osx-64/libcblas-3.9.0-31_hff6cab4_openblas.conda
  build_number: 31
  sha256: a64b24e195f7790722e1557ff5ed9ecceaaf85559b182d0d03fa61c1fd60326c
  md5: c655cc2b0c48ec454f7a4db92415d012
  depends:
  - libblas 3.9.0 31_h7f60823_openblas
  constrains:
  - liblapacke =3.9.0=31*_openblas
  - blas =2.131=openblas
  - liblapack =3.9.0=31*_openblas
  license: BSD-3-Clause
  license_family: BSD
  size: 17006
  timestamp: 1740087955460
- conda: https://conda.anaconda.org/conda-forge/osx-64/libcxx-20.1.4-hf95d169_0.conda
  sha256: 491ae6c8b5dc678581b52d24de73e303b895fd5f600da2f6f721b385692083d0
  md5: 9a38a63cfe950dd3e1b3adfcba731d3a
  depends:
  - __osx >=10.13
  license: Apache-2.0 WITH LLVM-exception
  license_family: Apache
  size: 559984
  timestamp: 1745991583464
- conda: https://conda.anaconda.org/conda-forge/linux-64/libgcc-14.2.0-h767d61c_2.conda
  sha256: 3a572d031cb86deb541d15c1875aaa097baefc0c580b54dc61f5edab99215792
  md5: ef504d1acbd74b7cc6849ef8af47dd03
  depends:
  - __glibc >=2.17,<3.0.a0
  - _openmp_mutex >=4.5
  constrains:
  - libgomp 14.2.0 h767d61c_2
  - libgcc-ng ==14.2.0=*_2
  license: GPL-3.0-only WITH GCC-exception-3.1
  license_family: GPL
  size: 847885
  timestamp: 1740240653082
- conda: https://conda.anaconda.org/conda-forge/linux-aarch64/libgcc-14.2.0-he277a41_2.conda
  sha256: a57f7f9ba2a12f56eafdcd25b6d75f7be10b8fc1a802a58b76a77ca8c66f4503
  md5: 6b4268a60b10f29257b51b9b67ff8d76
  depends:
  - _openmp_mutex >=4.5
  constrains:
  - libgcc-ng ==14.2.0=*_2
  - libgomp 14.2.0 he277a41_2
  license: GPL-3.0-only WITH GCC-exception-3.1
  license_family: GPL
  size: 535507
  timestamp: 1740241069780
- conda: https://conda.anaconda.org/conda-forge/linux-64/libgcc-ng-14.2.0-h69a702a_2.conda
  sha256: fb7558c328b38b2f9d2e412c48da7890e7721ba018d733ebdfea57280df01904
  md5: a2222a6ada71fb478682efe483ce0f92
  depends:
  - libgcc 14.2.0 h767d61c_2
  license: GPL-3.0-only WITH GCC-exception-3.1
  license_family: GPL
  size: 53758
  timestamp: 1740240660904
- conda: https://conda.anaconda.org/conda-forge/linux-aarch64/libgcc-ng-14.2.0-he9431aa_2.conda
  sha256: 9647f75cddc18b07eebe6e1f21500eed50a6af2c43c84e831b4c7a597e10d226
  md5: 692c2bb75f32cfafb6799cf6d1c5d0e0
  depends:
  - libgcc 14.2.0 he277a41_2
  license: GPL-3.0-only WITH GCC-exception-3.1
  license_family: GPL
  size: 53622
  timestamp: 1740241074834
- conda: https://conda.anaconda.org/conda-forge/linux-64/libgfortran-14.2.0-h69a702a_2.conda
  sha256: e05263e8960da03c341650f2a3ffa4ccae4e111cb198e8933a2908125459e5a6
  md5: fb54c4ea68b460c278d26eea89cfbcc3
  depends:
  - libgfortran5 14.2.0 hf1ad2bd_2
  constrains:
  - libgfortran-ng ==14.2.0=*_2
  license: GPL-3.0-only WITH GCC-exception-3.1
  license_family: GPL
  size: 53733
  timestamp: 1740240690977
- conda: https://conda.anaconda.org/conda-forge/linux-aarch64/libgfortran-14.2.0-he9431aa_2.conda
  sha256: 996d3c0505301901a7ab23b5e7daad21635d1c065240bb0f4faf7e4f75d7f49d
  md5: d8b9d9dc0c8cd97d375b48e55947ba70
  depends:
  - libgfortran5 14.2.0 hb6113d0_2
  constrains:
  - libgfortran-ng ==14.2.0=*_2
  license: GPL-3.0-only WITH GCC-exception-3.1
  license_family: GPL
  size: 53611
  timestamp: 1740241100147
- conda: https://conda.anaconda.org/conda-forge/osx-64/libgfortran-14.2.0-hef36b68_105.conda
  sha256: 984040aa98dedcfbe1cf59befd73740e30d368b96cbfa17c002297e67fa5af23
  md5: 6b27baf030f5d6603713c7e72d3f6b9a
  depends:
  - libgfortran5 14.2.0 h58528f3_105
  license: GPL-3.0-only WITH GCC-exception-3.1
  license_family: GPL
  size: 155635
  timestamp: 1743911593527
- conda: https://conda.anaconda.org/conda-forge/linux-64/libgfortran-ng-14.2.0-h69a702a_2.conda
  sha256: 688a5968852e677d2a64974c8869ffb120eac21997ced7d15c599f152ef6857e
  md5: 4056c857af1a99ee50589a941059ec55
  depends:
  - libgfortran 14.2.0 h69a702a_2
  license: GPL-3.0-only WITH GCC-exception-3.1
  license_family: GPL
  size: 53781
  timestamp: 1740240884760
- conda: https://conda.anaconda.org/conda-forge/linux-aarch64/libgfortran-ng-14.2.0-he9431aa_2.conda
  sha256: 5f01900cbe99980177d73eb704e646cc6290f45d742da0f0d6588c43b1e63f10
  md5: 0980d7d931474a6a037ae66f1da4d2fe
  depends:
  - libgfortran 14.2.0 he9431aa_2
  license: GPL-3.0-only WITH GCC-exception-3.1
  license_family: GPL
  size: 53625
  timestamp: 1740241281716
- conda: https://conda.anaconda.org/conda-forge/linux-64/libgfortran5-14.2.0-hf1ad2bd_2.conda
  sha256: c17b7cf3073a1f4e1f34d50872934fa326346e104d3c445abc1e62481ad6085c
  md5: 556a4fdfac7287d349b8f09aba899693
  depends:
  - __glibc >=2.17,<3.0.a0
  - libgcc >=14.2.0
  constrains:
  - libgfortran 14.2.0
  license: GPL-3.0-only WITH GCC-exception-3.1
  license_family: GPL
  size: 1461978
  timestamp: 1740240671964
- conda: https://conda.anaconda.org/conda-forge/linux-aarch64/libgfortran5-14.2.0-hb6113d0_2.conda
  sha256: 7b9e1d3666a00e5a52e5d43c003bd1c73ab472804be513c070aaedca9c4c2a9a
  md5: cd754566661513808ef2408c4ab99a2f
  depends:
  - libgcc >=14.2.0
  constrains:
  - libgfortran 14.2.0
  license: GPL-3.0-only WITH GCC-exception-3.1
  license_family: GPL
  size: 1100765
  timestamp: 1740241083241
- conda: https://conda.anaconda.org/conda-forge/osx-64/libgfortran5-14.2.0-h58528f3_105.conda
  sha256: 02fc48106e1ca65cf7de15f58ec567f866f6e8e9dcced157d0cff89f0768bb59
  md5: 94560312ff3c78225bed62ab59854c31
  depends:
  - llvm-openmp >=8.0.0
  constrains:
  - libgfortran 14.2.0
  license: GPL-3.0-only WITH GCC-exception-3.1
  license_family: GPL
  size: 1224385
  timestamp: 1743911552203
- conda: https://conda.anaconda.org/conda-forge/linux-64/libgomp-14.2.0-h767d61c_2.conda
  sha256: 1a3130e0b9267e781b89399580f3163632d59fe5b0142900d63052ab1a53490e
  md5: 06d02030237f4d5b3d9a7e7d348fe3c6
  depends:
  - __glibc >=2.17,<3.0.a0
  license: GPL-3.0-only WITH GCC-exception-3.1
  license_family: GPL
  size: 459862
  timestamp: 1740240588123
- conda: https://conda.anaconda.org/conda-forge/linux-aarch64/libgomp-14.2.0-he277a41_2.conda
  sha256: 4e303711fb7413bf98995beac58e731073099d7a669a3b81e49330ca8da05174
  md5: b11c09d9463daf4cae492d29806b1889
  license: GPL-3.0-only WITH GCC-exception-3.1
  license_family: GPL
  size: 462783
  timestamp: 1740241005079
- conda: https://conda.anaconda.org/conda-forge/linux-64/libopenblas-0.3.29-pthreads_h94d23a6_0.conda
  sha256: cc5389ea254f111ef17a53df75e8e5209ef2ea6117e3f8aced88b5a8e51f11c4
  md5: 0a4d0252248ef9a0f88f2ba8b8a08e12
  depends:
  - __glibc >=2.17,<3.0.a0
  - libgcc >=14
  - libgfortran
  - libgfortran5 >=14.2.0
  constrains:
  - openblas >=0.3.29,<0.3.30.0a0
  license: BSD-3-Clause
  license_family: BSD
  size: 5919288
  timestamp: 1739825731827
- conda: https://conda.anaconda.org/conda-forge/linux-aarch64/libopenblas-0.3.29-pthreads_h9d3fd7e_0.conda
  sha256: 3a2ccf4c9098cd18a636e9b7fff947fdeb4962bcfb75c9d6fd80b8c50caf6a3c
  md5: a99e2bfcb1ad6362544c71281eb617e9
  depends:
  - libgcc >=14
  - libgfortran
  - libgfortran5 >=14.2.0
  constrains:
  - openblas >=0.3.29,<0.3.30.0a0
  license: BSD-3-Clause
  license_family: BSD
  size: 4801657
  timestamp: 1739825308974
- conda: https://conda.anaconda.org/conda-forge/osx-64/libopenblas-0.3.29-openmp_hbf64a52_0.conda
  sha256: fbb413923f91cb80a4d23725816499b921dd87454121efcde107abc7772c937a
  md5: a30dc52b2a8b6300f17eaabd2f940d41
  depends:
  - __osx >=10.13
  - libgfortran >=5
  - libgfortran5 >=13.2.0
  - llvm-openmp >=18.1.8
  constrains:
  - openblas >=0.3.29,<0.3.30.0a0
  license: BSD-3-Clause
  license_family: BSD
  size: 6170847
  timestamp: 1739826107594
- conda: https://conda.anaconda.org/conda-forge/linux-64/libstdcxx-14.2.0-h8f9b012_2.conda
  sha256: 8f5bd92e4a24e1d35ba015c5252e8f818898478cb3bc50bd8b12ab54707dc4da
  md5: a78c856b6dc6bf4ea8daeb9beaaa3fb0
  depends:
  - __glibc >=2.17,<3.0.a0
  - libgcc 14.2.0 h767d61c_2
  license: GPL-3.0-only WITH GCC-exception-3.1
  license_family: GPL
  size: 3884556
  timestamp: 1740240685253
- conda: https://conda.anaconda.org/conda-forge/linux-aarch64/libstdcxx-14.2.0-h3f4de04_2.conda
  sha256: c30a74bc996013907f6d9f344da007c26d98ef9a0831151cd50aece3125c45d5
  md5: eadee2cda99697e29411c1013c187b92
  depends:
  - libgcc 14.2.0 he277a41_2
  license: GPL-3.0-only WITH GCC-exception-3.1
  license_family: GPL
  size: 3810779
  timestamp: 1740241094774
- conda: https://conda.anaconda.org/conda-forge/linux-64/libstdcxx-ng-14.2.0-h4852527_2.conda
  sha256: e86f38b007cf97cc2c67cd519f2de12a313c4ee3f5ef11652ad08932a5e34189
  md5: c75da67f045c2627f59e6fcb5f4e3a9b
  depends:
  - libstdcxx 14.2.0 h8f9b012_2
  license: GPL-3.0-only WITH GCC-exception-3.1
  license_family: GPL
  size: 53830
  timestamp: 1740240722530
- conda: https://conda.anaconda.org/conda-forge/linux-aarch64/libstdcxx-ng-14.2.0-hf1166c9_2.conda
  sha256: 0107886ead6f255956d8e520f8dff260f9ab3d0d51512f18c52710c406e4b2df
  md5: c934c1fddad582fcc385b608eb06a70c
  depends:
  - libstdcxx 14.2.0 h3f4de04_2
  license: GPL-3.0-only WITH GCC-exception-3.1
  license_family: GPL
  size: 53715
  timestamp: 1740241126343
- conda: https://conda.anaconda.org/conda-forge/linux-64/libzlib-1.3.1-hb9d3cd8_2.conda
  sha256: d4bfe88d7cb447768e31650f06257995601f89076080e76df55e3112d4e47dc4
  md5: edb0dca6bc32e4f4789199455a1dbeb8
  depends:
  - __glibc >=2.17,<3.0.a0
  - libgcc >=13
  constrains:
  - zlib 1.3.1 *_2
  license: Zlib
  license_family: Other
  size: 60963
  timestamp: 1727963148474
- conda: https://conda.anaconda.org/conda-forge/linux-aarch64/libzlib-1.3.1-h86ecc28_2.conda
  sha256: 5a2c1eeef69342e88a98d1d95bff1603727ab1ff4ee0e421522acd8813439b84
  md5: 08aad7cbe9f5a6b460d0976076b6ae64
  depends:
  - libgcc >=13
  constrains:
  - zlib 1.3.1 *_2
  license: Zlib
  license_family: Other
  size: 66657
  timestamp: 1727963199518
- conda: https://conda.anaconda.org/conda-forge/osx-64/libzlib-1.3.1-hd23fc13_2.conda
  sha256: 8412f96504fc5993a63edf1e211d042a1fd5b1d51dedec755d2058948fcced09
  md5: 003a54a4e32b02f7355b50a837e699da
  depends:
  - __osx >=10.13
  constrains:
  - zlib 1.3.1 *_2
  license: Zlib
  license_family: Other
  size: 57133
  timestamp: 1727963183990
- conda: https://conda.anaconda.org/conda-forge/osx-64/llvm-openmp-20.1.4-ha54dae1_0.conda
  sha256: 5830f3a9109e52cb8476685e9ccd4ff207517c95ff453c47e6ed35221715b879
  md5: 985619d7704847d30346abb6feeb8351
  depends:
  - __osx >=10.13
  constrains:
  - openmp 20.1.4|20.1.4.*
  license: Apache-2.0 WITH LLVM-exception
  license_family: APACHE
  size: 306636
  timestamp: 1746134503342
- conda: https://conda.anaconda.org/conda-forge/linux-64/mpi-1.0-openmpi.tar.bz2
  sha256: 54cf44ee2c122bce206f834a825af06e3b14fc4fd58c968ae9329715cc281d1e
  md5: 1dcc49e16749ff79ba2194fa5d4ca5e7
  license: BSD 3-clause
  size: 4204
- conda: https://conda.anaconda.org/conda-forge/linux-aarch64/mpi-1.0-openmpi.tar.bz2
  sha256: 91d52da0222cbfc7fa2621893867d6c40fa9943ceb07a6d02adb6546e102727f
  md5: e24a82352a69336645b8fd24e0b41d86
  license: BSD 3-clause
  size: 3995
  timestamp: 1558804009811
- conda: https://conda.anaconda.org/conda-forge/osx-64/mpi-1.0-openmpi.tar.bz2
  sha256: 1326b28195e8808cebc18a593f84c5cbd606826a150dd7e0365f11b86238b5df
  md5: 8c3bc725bf4d10fc6e56031f7543771f
  license: BSD 3-clause
  size: 4394
- conda: https://conda.anaconda.org/conda-forge/linux-64/openmpi-4.1.6-hc5af2df_101.conda
  sha256: f0769dd891e1735be4606ec8643951e5cbca199f774e58c7d933f70a70134ce4
  md5: f9a2ad0088ee38f396350515fa37d243
  depends:
  - libgcc-ng >=12
  - libgfortran-ng
  - libgfortran5 >=12.3.0
  - libstdcxx-ng >=12
  - libzlib >=1.2.13,<2.0.0a0
  - mpi 1.0 openmpi
  - zlib
  constrains:
  - cudatoolkit  >= 10.2
  - ucx >=1.15.0,<2.0a0
  - libpmix ==0.0.0
  - libprrte ==0.0.0
  license: BSD-3-Clause
  license_family: BSD
  size: 4069632
  timestamp: 1696593196408
- conda: https://conda.anaconda.org/conda-forge/linux-aarch64/openmpi-4.1.6-h1f4154d_101.conda
  sha256: 67c1269f98d4d2d4e45f6c0f59051111e00c0a867671ffada4b640b1752d35a2
  md5: aaccc242a1665d7cfff249195868788a
  depends:
  - libgcc-ng >=12
  - libgfortran-ng
  - libgfortran5 >=12.3.0
  - libstdcxx-ng >=12
  - libzlib >=1.2.13,<2.0.0a0
  - mpi 1.0 openmpi
  - zlib
  constrains:
  - cudatoolkit  >= 11.0
  - ucx >=1.15.0,<2.0a0
  - libpmix ==0.0.0
  - libprrte ==0.0.0
  license: BSD-3-Clause
  license_family: BSD
  size: 4041594
  timestamp: 1696611221404
- conda: https://conda.anaconda.org/conda-forge/osx-64/openmpi-4.1.6-h7406208_101.conda
  sha256: ec9826d23e72acc6311e3e8a96a340d22b8ec9b72a66567c7fe21853e422851e
  md5: ed5a66d291ed28e1e1f9153ab24c3132
  depends:
  - __osx >=10.9
  - libcxx >=16.0.6
  - libgfortran >=5
  - libgfortran5 >=12.3.0
  - libgfortran5 >=13.2.0
  - libzlib >=1.2.13,<2.0.0a0
  - mpi 1.0 openmpi
  - zlib
  constrains:
  - libpmix ==0.0.0
  - libprrte ==0.0.0
  license: BSD-3-Clause
  license_family: BSD
  size: 2893100
  timestamp: 1696593921818
- conda: https://conda.anaconda.org/bioconda/linux-64/prodigal-2.6.3-h7b50bb2_10.tar.bz2
  sha256: 05018dce864a23867f302cd78e000358bc585fc5bc082b6e16d5d6200d90447d
  md5: 66cc94ede7d4cd483a0412adaf9532ce
  depends:
  - libgcc >=13
  license: GPL v3
  size: 581797
  timestamp: 1734086563977
- conda: https://conda.anaconda.org/bioconda/linux-aarch64/prodigal-2.6.3-h661a7b0_10.tar.bz2
  sha256: cef57d1dba4241c69c3d380c4e102cb908f1e4030cc02688d3c06755227d51ac
  md5: 1f19426eb44d4f1dda903caf851cc08c
  depends:
  - libgcc >=13
  license: GPL v3
  size: 729550
  timestamp: 1734129706519
- conda: https://conda.anaconda.org/bioconda/osx-64/prodigal-2.6.3-h18d8cf3_10.tar.bz2
  sha256: 0dd58b3cfea67455dafe64b50fda49f1280ae0d9005c4883a22eed01f8bdc361
  md5: 3869fd0e7327658d267ebfdc5e2f09a7
  license: GPL v3
  size: 412173
  timestamp: 1733868110171
- conda: https://conda.anaconda.org/conda-forge/linux-64/zlib-1.3.1-hb9d3cd8_2.conda
  sha256: 5d7c0e5f0005f74112a34a7425179f4eb6e73c92f5d109e6af4ddeca407c92ab
  md5: c9f075ab2f33b3bbee9e62d4ad0a6cd8
  depends:
  - __glibc >=2.17,<3.0.a0
  - libgcc >=13
  - libzlib 1.3.1 hb9d3cd8_2
  license: Zlib
  license_family: Other
  size: 92286
  timestamp: 1727963153079
- conda: https://conda.anaconda.org/conda-forge/linux-aarch64/zlib-1.3.1-h86ecc28_2.conda
  sha256: b4f649aa3ecdae384d5dad7074e198bff120edd3dfb816588e31738fc6d627b1
  md5: bc230abb5d21b63ff4799b0e75204783
  depends:
  - libgcc >=13
  - libzlib 1.3.1 h86ecc28_2
  license: Zlib
  license_family: Other
  size: 95582
  timestamp: 1727963203597
- conda: https://conda.anaconda.org/conda-forge/osx-64/zlib-1.3.1-hd23fc13_2.conda
  sha256: 219edbdfe7f073564375819732cbf7cc0d7c7c18d3f546a09c2dfaf26e4d69f3
  md5: c989e0295dcbdc08106fe5d9e935f0b9
  depends:
  - __osx >=10.13
  - libzlib 1.3.1 hd23fc13_2
  license: Zlib
  license_family: Other
  size: 88544
  timestamp: 1727963189976
